
Microsoft Visual Studio Solution File, Format Version 12.00
# Visual Studio Version 16
VisualStudioVersion = 16.0.28803.452
MinimumVisualStudioVersion = 10.0.40219.1
Project("{FAE04EC0-301F-11D3-BF4B-00C04F79EFBC}") = "MyQQ", "MyQQ\MyQQ.csproj", "{E95E5DB7-A075-44AC-9E3C-9D90DD65C542}"
EndProject
Global
	GlobalSection(SolutionConfigurationPlatforms) = preSolution
		Debug|Any CPU = Debug|Any CPU
		Release|Any CPU = Release|Any CPU
	EndGlobalSection
	GlobalSection(ProjectConfigurationPlatforms) = postSolution
		{E95E5DB7-A075-44AC-9E3C-9D90DD65C542}.Debug|Any CPU.ActiveCfg = Debug|Any CPU
		{E95E5DB7-A075-44AC-9E3C-9D90DD65C542}.Debug|Any CPU.Build.0 = Debug|Any CPU
		{E95E5DB7-A075-44AC-9E3C-9D90DD65C542}.Release|Any CPU.ActiveCfg = Release|Any CPU
		{E95E5DB7-A075-44AC-9E3C-9D90DD65C542}.Release|Any CPU.Build.0 = Release|Any CPU
	EndGlobalSection
	GlobalSection(SolutionProperties) = preSolution
		HideSolutionNode = FALSE
	EndGlobalSection
	GlobalSection(ExtensibilityGlobals) = postSolution
		SolutionGuid = {7CDDD405-E28A-4C2D-9355-ABFB9FA7E5B3}
	EndGlobalSection
EndGlobal
